<?xml version="1.0" encoding="UTF-8"?>
<CONFIG>
  <ProjectOptions>
    <Version Value="12"/>
    <PathDelim Value="\"/>
    <General>
      <SessionStorage Value="InProjectDir"/>
      <Title Value="RentalServiceTestRunner"/>
      <ResourceType Value="res"/>
      <UseXPManifest Value="True"/>
      <Icon Value="0"/>
    </General>
    <BuildModes>
      <Item Name="Default" Default="True"/>
    </BuildModes>
    <PublishOptions>
      <Version Value="2"/>
      <UseFileFilters Value="True"/>
    </PublishOptions>
    <RunParams>
      <FormatVersion Value="2"/>
    </RunParams>
    <RequiredPackages>
      <Item>
        <PackageName Value="RentalEcosystemPackage"/>
      </Item>
      <Item>
        <PackageName Value="RentalServiceInfrastructurePackage"/>
      </Item>
      <Item>
        <PackageName Value="RentalServiceUtilitiesPackage"/>
      </Item>
      <Item>
        <PackageName Value="fpcunittestrunner"/>
      </Item>
      <Item>
        <PackageName Value="LCL"/>
      </Item>
      <Item>
        <PackageName Value="FCL"/>
      </Item>
    </RequiredPackages>
    <Units>
      <Unit>
        <Filename Value="RentalServiceTestRunner.lpr"/>
        <IsPartOfProject Value="True"/>
      </Unit>
      <Unit>
        <Filename Value="utils\teststandardresponseunit.pas"/>
        <IsPartOfProject Value="True"/>
        <UnitName Value="TestStandardResponseUnit"/>
      </Unit>
      <Unit>
        <Filename Value="utils\testsystemresponseunit.pas"/>
        <IsPartOfProject Value="True"/>
        <UnitName Value="TestSystemResponseUnit"/>
      </Unit>
      <Unit>
        <Filename Value="rental_ecosystem\entity\renter\TestRenterDTOUnit.pas"/>
        <IsPartOfProject Value="True"/>
      </Unit>
      <Unit>
        <Filename Value="rental_ecosystem\entity\renter\TestRenterStorageUnit.pas"/>
        <IsPartOfProject Value="True"/>
      </Unit>
      <Unit>
        <Filename Value="rental_ecosystem\entity\renter\TestRenterUnit.pas"/>
        <IsPartOfProject Value="True"/>
      </Unit>
      <Unit>
        <Filename Value="rental_ecosystem\use_cases\renter\TestRegisterRenterUnit.pas"/>
        <IsPartOfProject Value="True"/>
      </Unit>
      <Unit>
        <Filename Value="rental_ecosystem\use_cases\renter\TestUpdateRenterUnit.pas"/>
        <IsPartOfProject Value="True"/>
      </Unit>
      <Unit>
        <Filename Value="..\src\rental_ecosystem\use_cases\renter\updaterenterunit.pas"/>
        <IsPartOfProject Value="True"/>
        <UnitName Value="UpdateRenterUnit"/>
      </Unit>
      <Unit>
        <Filename Value="rental_ecosystem\use_cases\renter\TestGetRenterUnit.pas"/>
        <IsPartOfProject Value="True"/>
      </Unit>
      <Unit>
        <Filename Value="..\src\rental_ecosystem\use_cases\renter\getrenterunit.pas"/>
        <IsPartOfProject Value="True"/>
        <UnitName Value="GetRenterUnit"/>
      </Unit>
      <Unit>
        <Filename Value="rental_ecosystem\use_cases\renter\TestDeleteRenterUnit.pas"/>
        <IsPartOfProject Value="True"/>
      </Unit>
      <Unit>
        <Filename Value="..\src\rental_ecosystem\use_cases\renter\deleterenterunit.pas"/>
        <IsPartOfProject Value="True"/>
        <UnitName Value="DeleteRenterUnit"/>
      </Unit>
      <Unit>
        <Filename Value="support\factories\fakerenterstorageunit.pas"/>
        <IsPartOfProject Value="True"/>
        <UnitName Value="FakeRenterStorageUnit"/>
      </Unit>
    </Units>
  </ProjectOptions>
  <CompilerOptions>
    <Version Value="11"/>
    <PathDelim Value="\"/>
    <Target>
      <Filename Value="RentalServiceTestRunner"/>
    </Target>
    <SearchPaths>
      <IncludeFiles Value="$(ProjOutDir)"/>
      <OtherUnitFiles Value="utils;rental_ecosystem\entity\renter;rental_ecosystem\use_cases\renter;..\src\rental_ecosystem\use_cases\renter;support\factories"/>
      <UnitOutputDirectory Value="lib\$(TargetCPU)-$(TargetOS)"/>
    </SearchPaths>
    <Linking>
      <Debugging>
        <DebugInfoType Value="dsDwarf3"/>
      </Debugging>
      <Options>
        <Win32>
          <GraphicApplication Value="True"/>
        </Win32>
      </Options>
    </Linking>
  </CompilerOptions>
  <Debugging>
    <Exceptions>
      <Item>
        <Name Value="EAbort"/>
      </Item>
      <Item>
        <Name Value="ECodetoolError"/>
      </Item>
      <Item>
        <Name Value="EFOpenError"/>
      </Item>
      <Item>
        <Name Value="Exception"/>
      </Item>
      <Item>
        <Name Value="RunError(103)"/>
      </Item>
      <Item>
        <Name Value="EInOutError"/>
      </Item>
      <Item>
        <Name Value="EAssertionFailedError"/>
      </Item>
    </Exceptions>
  </Debugging>
</CONFIG>
