<?xml version="1.0" encoding="UTF-8"?>
<CONFIG>
  <ProjectOptions>
    <Version Value="12"/>
    <PathDelim Value="\"/>
    <General>
      <SessionStorage Value="InProjectDir"/>
      <Title Value="RentalServiceDesktopApp"/>
      <Scaled Value="True"/>
      <ResourceType Value="res"/>
      <UseXPManifest Value="True"/>
      <XPManifest>
        <DpiAware Value="True"/>
      </XPManifest>
      <Icon Value="0"/>
    </General>
    <BuildModes>
      <Item Name="Default" Default="True"/>
    </BuildModes>
    <PublishOptions>
      <Version Value="2"/>
      <UseFileFilters Value="True"/>
    </PublishOptions>
    <RunParams>
      <FormatVersion Value="2"/>
    </RunParams>
    <RequiredPackages>
      <Item>
        <PackageName Value="RentalServicePackage"/>
      </Item>
      <Item>
        <PackageName Value="CEF4Delphi_Lazarus"/>
      </Item>
      <Item>
        <PackageName Value="RunTimeTypeInfoControls"/>
      </Item>
      <Item>
        <PackageName Value="FrameViewer09"/>
      </Item>
      <Item>
        <PackageName Value="SQLDBLaz"/>
      </Item>
      <Item>
        <PackageName Value="AnchorDocking"/>
      </Item>
      <Item>
        <PackageName Value="LCL"/>
      </Item>
    </RequiredPackages>
    <Units>
      <Unit>
        <Filename Value="RentalServiceDesktopApp.lpr"/>
        <IsPartOfProject Value="True"/>
      </Unit>
      <Unit>
        <Filename Value="mainformunit.pas"/>
        <IsPartOfProject Value="True"/>
        <ComponentName Value="MainForm"/>
        <HasResources Value="True"/>
        <ResourceBaseClass Value="Form"/>
        <UnitName Value="MainFormUnit"/>
      </Unit>
      <Unit>
        <Filename Value="components\vehicles\addvehicleformunit.pas"/>
        <IsPartOfProject Value="True"/>
        <ComponentName Value="AddVehicleForm"/>
        <ResourceBaseClass Value="Form"/>
        <UnitName Value="AddVehicleFormUnit"/>
      </Unit>
      <Unit>
        <Filename Value="components\renters\deleterenterformunit.lfm"/>
        <IsPartOfProject Value="True"/>
      </Unit>
      <Unit>
        <Filename Value="components\renters\deleterenterformunit.pas"/>
        <IsPartOfProject Value="True"/>
        <ComponentName Value="DeleteRenterForm"/>
        <HasResources Value="True"/>
        <ResourceBaseClass Value="Form"/>
        <UnitName Value="DeleteRenterFormUnit"/>
      </Unit>
      <Unit>
        <Filename Value="components\renters\registerrenterformunit.lfm"/>
        <IsPartOfProject Value="True"/>
      </Unit>
      <Unit>
        <Filename Value="components\renters\registerrenterformunit.pas"/>
        <IsPartOfProject Value="True"/>
        <ComponentName Value="RegisterRenterForm"/>
        <HasResources Value="True"/>
        <ResourceBaseClass Value="Form"/>
        <UnitName Value="RegisterRenterFormUnit"/>
      </Unit>
      <Unit>
        <Filename Value="components\renters\updaterenterformunit.lfm"/>
        <IsPartOfProject Value="True"/>
      </Unit>
      <Unit>
        <Filename Value="components\renters\updaterenterformunit.pas"/>
        <IsPartOfProject Value="True"/>
        <ComponentName Value="UpdateRenterForm"/>
        <HasResources Value="True"/>
        <ResourceBaseClass Value="Form"/>
        <UnitName Value="UpdateRenterFormUnit"/>
      </Unit>
      <Unit>
        <Filename Value="interfaces\globalvariablesunit.pas"/>
        <IsPartOfProject Value="True"/>
        <UnitName Value="GlobalVariablesUnit"/>
      </Unit>
      <Unit>
        <Filename Value="components\vehicles\updatevehicleformunit.pas"/>
        <IsPartOfProject Value="True"/>
        <ComponentName Value="UpdateVehicleForm"/>
        <ResourceBaseClass Value="Form"/>
        <UnitName Value="UpdateVehicleFormUnit"/>
      </Unit>
      <Unit>
        <Filename Value="utils\stringgridutilsunit.pas"/>
        <IsPartOfProject Value="True"/>
        <UnitName Value="StringGridUtilsUnit"/>
      </Unit>
      <Unit>
        <Filename Value="components\vehicles\deletevehicleformunit.pas"/>
        <IsPartOfProject Value="True"/>
        <ComponentName Value="DeleteVehicleForm"/>
        <ResourceBaseClass Value="Form"/>
        <UnitName Value="DeleteVehicleFormUnit"/>
      </Unit>
    </Units>
  </ProjectOptions>
  <CompilerOptions>
    <Version Value="11"/>
    <PathDelim Value="\"/>
    <Target>
      <Filename Value="RentalServiceDesktopApp"/>
    </Target>
    <SearchPaths>
      <IncludeFiles Value="$(ProjOutDir)"/>
      <OtherUnitFiles Value="components\vehicles;components\renters;interfaces;utils"/>
      <UnitOutputDirectory Value="lib\$(TargetCPU)-$(TargetOS)"/>
    </SearchPaths>
    <Linking>
      <Debugging>
        <DebugInfoType Value="dsDwarf3"/>
      </Debugging>
      <Options>
        <Win32>
          <GraphicApplication Value="True"/>
        </Win32>
      </Options>
    </Linking>
  </CompilerOptions>
  <Debugging>
    <Exceptions>
      <Item>
        <Name Value="EAbort"/>
      </Item>
      <Item>
        <Name Value="ECodetoolError"/>
      </Item>
      <Item>
        <Name Value="EFOpenError"/>
      </Item>
      <Item>
        <Name Value="EResNotFound"/>
      </Item>
      <Item>
        <Name Value="RenterNameException"/>
      </Item>
      <Item>
        <Name Value="RenterTelephoneException"/>
      </Item>
      <Item>
        <Name Value="NotFoundRenterException"/>
      </Item>
      <Item>
        <Name Value="EJSON"/>
      </Item>
      <Item>
        <Name Value="VehicleNameException"/>
      </Item>
      <Item>
        <Name Value="VehicleLicensePlateException"/>
      </Item>
      <Item>
        <Name Value="EConvertError"/>
      </Item>
    </Exceptions>
  </Debugging>
</CONFIG>
